
Microsoft Visual Studio Solution File, Format Version 12.00
# Visual Studio 2012
Project("{8BC9CEB8-8B4A-11D0-8D11-00A0C91BC942}") = "Vector", "Vector\Vector.vcxproj", "{708FAD0F-6208-457C-8E11-5DDAD91C4CA2}"
EndProject
Project("{8BC9CEB8-8B4A-11D0-8D11-00A0C91BC942}") = "Check", "Check\Check.vcxproj", "{A2CAF0FF-C683-405E-9205-C3D33A5F1727}"
EndProject
Global
	GlobalSection(SolutionConfigurationPlatforms) = preSolution
		Debug|Win32 = Debug|Win32
		Release|Win32 = Release|Win32
	EndGlobalSection
	GlobalSection(ProjectConfigurationPlatforms) = postSolution
		{708FAD0F-6208-457C-8E11-5DDAD91C4CA2}.Debug|Win32.ActiveCfg = Debug|Win32
		{708FAD0F-6208-457C-8E11-5DDAD91C4CA2}.Debug|Win32.Build.0 = Debug|Win32
		{708FAD0F-6208-457C-8E11-5DDAD91C4CA2}.Release|Win32.ActiveCfg = Release|Win32
		{708FAD0F-6208-457C-8E11-5DDAD91C4CA2}.Release|Win32.Build.0 = Release|Win32
		{A2CAF0FF-C683-405E-9205-C3D33A5F1727}.Debug|Win32.ActiveCfg = Debug|Win32
		{A2CAF0FF-C683-405E-9205-C3D33A5F1727}.Debug|Win32.Build.0 = Debug|Win32
		{A2CAF0FF-C683-405E-9205-C3D33A5F1727}.Release|Win32.ActiveCfg = Release|Win32
		{A2CAF0FF-C683-405E-9205-C3D33A5F1727}.Release|Win32.Build.0 = Release|Win32
	EndGlobalSection
	GlobalSection(SolutionProperties) = preSolution
		HideSolutionNode = FALSE
	EndGlobalSection
EndGlobal
