
Microsoft Visual Studio Solution File, Format Version 12.00
# Visual Studio Version 16
VisualStudioVersion = 16.0.31005.135
MinimumVisualStudioVersion = 10.0.40219.1
Project("{8BC9CEB8-8B4A-11D0-8D11-00A0C91BC942}") = "First App", "First App\First App.vcxproj", "{B2FAE06A-4E71-41BB-8179-79574EA02A6F}"
EndProject
Project("{8BC9CEB8-8B4A-11D0-8D11-00A0C91BC942}") = "Second App", "Second App\Second App.vcxproj", "{87317885-B104-4FD2-9B95-8EC675B9DE5A}"
EndProject
Global
	GlobalSection(SolutionConfigurationPlatforms) = preSolution
		Debug|x64 = Debug|x64
		Debug|x86 = Debug|x86
		Release|x64 = Release|x64
		Release|x86 = Release|x86
	EndGlobalSection
	GlobalSection(ProjectConfigurationPlatforms) = postSolution
		{B2FAE06A-4E71-41BB-8179-79574EA02A6F}.Debug|x64.ActiveCfg = Debug|x64
		{B2FAE06A-4E71-41BB-8179-79574EA02A6F}.Debug|x64.Build.0 = Debug|x64
		{B2FAE06A-4E71-41BB-8179-79574EA02A6F}.Debug|x86.ActiveCfg = Debug|Win32
		{B2FAE06A-4E71-41BB-8179-79574EA02A6F}.Debug|x86.Build.0 = Debug|Win32
		{B2FAE06A-4E71-41BB-8179-79574EA02A6F}.Release|x64.ActiveCfg = Release|x64
		{B2FAE06A-4E71-41BB-8179-79574EA02A6F}.Release|x64.Build.0 = Release|x64
		{B2FAE06A-4E71-41BB-8179-79574EA02A6F}.Release|x86.ActiveCfg = Release|Win32
		{B2FAE06A-4E71-41BB-8179-79574EA02A6F}.Release|x86.Build.0 = Release|Win32
		{87317885-B104-4FD2-9B95-8EC675B9DE5A}.Debug|x64.ActiveCfg = Debug|x64
		{87317885-B104-4FD2-9B95-8EC675B9DE5A}.Debug|x64.Build.0 = Debug|x64
		{87317885-B104-4FD2-9B95-8EC675B9DE5A}.Debug|x86.ActiveCfg = Debug|Win32
		{87317885-B104-4FD2-9B95-8EC675B9DE5A}.Debug|x86.Build.0 = Debug|Win32
		{87317885-B104-4FD2-9B95-8EC675B9DE5A}.Release|x64.ActiveCfg = Release|x64
		{87317885-B104-4FD2-9B95-8EC675B9DE5A}.Release|x64.Build.0 = Release|x64
		{87317885-B104-4FD2-9B95-8EC675B9DE5A}.Release|x86.ActiveCfg = Release|Win32
		{87317885-B104-4FD2-9B95-8EC675B9DE5A}.Release|x86.Build.0 = Release|Win32
	EndGlobalSection
	GlobalSection(SolutionProperties) = preSolution
		HideSolutionNode = FALSE
	EndGlobalSection
	GlobalSection(ExtensibilityGlobals) = postSolution
		SolutionGuid = {B197AE73-4D3E-4B49-ACE1-35FE1C417737}
	EndGlobalSection
EndGlobal
