
Microsoft Visual Studio Solution File, Format Version 12.00
# Visual Studio 2012
Project("{8BC9CEB8-8B4A-11D0-8D11-00A0C91BC942}") = "Planet", "Planet\Planet.vcxproj", "{C50F5172-38F5-4FAE-A428-BFA4308DEA74}"
EndProject
Project("{8BC9CEB8-8B4A-11D0-8D11-00A0C91BC942}") = "PlanetTesting", "PlanetTesting\PlanetTesting.vcxproj", "{FD48DAA8-BC4C-4F90-91C0-7FA846802287}"
EndProject
Global
	GlobalSection(SolutionConfigurationPlatforms) = preSolution
		Debug|Win32 = Debug|Win32
		Release|Win32 = Release|Win32
	EndGlobalSection
	GlobalSection(ProjectConfigurationPlatforms) = postSolution
		{C50F5172-38F5-4FAE-A428-BFA4308DEA74}.Debug|Win32.ActiveCfg = Debug|Win32
		{C50F5172-38F5-4FAE-A428-BFA4308DEA74}.Debug|Win32.Build.0 = Debug|Win32
		{C50F5172-38F5-4FAE-A428-BFA4308DEA74}.Release|Win32.ActiveCfg = Release|Win32
		{C50F5172-38F5-4FAE-A428-BFA4308DEA74}.Release|Win32.Build.0 = Release|Win32
		{FD48DAA8-BC4C-4F90-91C0-7FA846802287}.Debug|Win32.ActiveCfg = Debug|Win32
		{FD48DAA8-BC4C-4F90-91C0-7FA846802287}.Debug|Win32.Build.0 = Debug|Win32
		{FD48DAA8-BC4C-4F90-91C0-7FA846802287}.Release|Win32.ActiveCfg = Release|Win32
		{FD48DAA8-BC4C-4F90-91C0-7FA846802287}.Release|Win32.Build.0 = Release|Win32
	EndGlobalSection
	GlobalSection(SolutionProperties) = preSolution
		HideSolutionNode = FALSE
	EndGlobalSection
EndGlobal
