
Microsoft Visual Studio Solution File, Format Version 12.00
# Visual Studio Version 16
VisualStudioVersion = 16.0.30804.86
MinimumVisualStudioVersion = 10.0.40219.1
Project("{FAE04EC0-301F-11D3-BF4B-00C04F79EFBC}") = "lab4", "lab4\lab4.csproj", "{B047CF7F-C21C-4B3F-AE93-9B02B8E7371D}"
EndProject
Global
	GlobalSection(SolutionConfigurationPlatforms) = preSolution
		Debug|Any CPU = Debug|Any CPU
		Release|Any CPU = Release|Any CPU
	EndGlobalSection
	GlobalSection(ProjectConfigurationPlatforms) = postSolution
		{B047CF7F-C21C-4B3F-AE93-9B02B8E7371D}.Debug|Any CPU.ActiveCfg = Debug|Any CPU
		{B047CF7F-C21C-4B3F-AE93-9B02B8E7371D}.Debug|Any CPU.Build.0 = Debug|Any CPU
		{B047CF7F-C21C-4B3F-AE93-9B02B8E7371D}.Release|Any CPU.ActiveCfg = Release|Any CPU
		{B047CF7F-C21C-4B3F-AE93-9B02B8E7371D}.Release|Any CPU.Build.0 = Release|Any CPU
	EndGlobalSection
	GlobalSection(SolutionProperties) = preSolution
		HideSolutionNode = FALSE
	EndGlobalSection
	GlobalSection(ExtensibilityGlobals) = postSolution
		SolutionGuid = {D580CC66-C897-4764-BEDD-16A93FA8F43B}
	EndGlobalSection
EndGlobal
