
Microsoft Visual Studio Solution File, Format Version 12.00
# Visual Studio Version 16
VisualStudioVersion = 16.0.30503.244
MinimumVisualStudioVersion = 10.0.40219.1
Project("{9A19103F-16F7-4668-BE54-9A1E7A4F7556}") = "Лабораторная № 3", "Лабораторная № 3\Лабораторная № 3.csproj", "{58891425-EDA6-4044-A3FD-476167FBAFA0}"
EndProject
Project("{FAE04EC0-301F-11D3-BF4B-00C04F79EFBC}") = "SimpleListProject", "SimpleList\SimpleListProject.csproj", "{08F6F49A-0FC4-40BB-937B-49BC721F1A72}"
EndProject
Global
	GlobalSection(SolutionConfigurationPlatforms) = preSolution
		Debug|Any CPU = Debug|Any CPU
		Release|Any CPU = Release|Any CPU
	EndGlobalSection
	GlobalSection(ProjectConfigurationPlatforms) = postSolution
		{58891425-EDA6-4044-A3FD-476167FBAFA0}.Debug|Any CPU.ActiveCfg = Debug|Any CPU
		{58891425-EDA6-4044-A3FD-476167FBAFA0}.Debug|Any CPU.Build.0 = Debug|Any CPU
		{58891425-EDA6-4044-A3FD-476167FBAFA0}.Release|Any CPU.ActiveCfg = Release|Any CPU
		{58891425-EDA6-4044-A3FD-476167FBAFA0}.Release|Any CPU.Build.0 = Release|Any CPU
		{08F6F49A-0FC4-40BB-937B-49BC721F1A72}.Debug|Any CPU.ActiveCfg = Debug|Any CPU
		{08F6F49A-0FC4-40BB-937B-49BC721F1A72}.Debug|Any CPU.Build.0 = Debug|Any CPU
		{08F6F49A-0FC4-40BB-937B-49BC721F1A72}.Release|Any CPU.ActiveCfg = Release|Any CPU
		{08F6F49A-0FC4-40BB-937B-49BC721F1A72}.Release|Any CPU.Build.0 = Release|Any CPU
	EndGlobalSection
	GlobalSection(SolutionProperties) = preSolution
		HideSolutionNode = FALSE
	EndGlobalSection
	GlobalSection(ExtensibilityGlobals) = postSolution
		SolutionGuid = {370C5CD3-3D08-4199-B347-D6FD79B973EC}
	EndGlobalSection
EndGlobal
